
Microsoft Visual Studio Solution File, Format Version 12.00
# Visual Studio Version 16
VisualStudioVersion = 16.0.30523.141
MinimumVisualStudioVersion = 10.0.40219.1
Project("{FAE04EC0-301F-11D3-BF4B-00C04F79EFBC}") = "WebView2.WinForms", "WebView2.WinForms\WebView2.WinForms.csproj", "{5CECFA1A-348F-49A1-B50D-EDCD5000245E}"
EndProject
Project("{FAE04EC0-301F-11D3-BF4B-00C04F79EFBC}") = "BrowserFormServer", "WindowsFormsApp1\BrowserFormServer.csproj", "{1CF9214A-A57C-43CC-81DD-C50EC265B170}"
EndProject
Project("{FAE04EC0-301F-11D3-BF4B-00C04F79EFBC}") = "AsyncSockets", "AsyncSockets\AsyncSockets.csproj", "{5707848E-53D1-4485-BD9E-603153C3EBF6}"
EndProject
Project("{FAE04EC0-301F-11D3-BF4B-00C04F79EFBC}") = "GeneralClassLibrary", "GeneralClassLibrary\GeneralClassLibrary.csproj", "{0570A7D1-7FBD-41F4-9615-773677F6C813}"
EndProject
Global
	GlobalSection(SolutionConfigurationPlatforms) = preSolution
		Debug|Any CPU = Debug|Any CPU
		Debug|x64 = Debug|x64
		Debug|x86 = Debug|x86
		Release|Any CPU = Release|Any CPU
		Release|x64 = Release|x64
		Release|x86 = Release|x86
	EndGlobalSection
	GlobalSection(ProjectConfigurationPlatforms) = postSolution
		{5CECFA1A-348F-49A1-B50D-EDCD5000245E}.Debug|Any CPU.ActiveCfg = Debug|Any CPU
		{5CECFA1A-348F-49A1-B50D-EDCD5000245E}.Debug|Any CPU.Build.0 = Debug|Any CPU
		{5CECFA1A-348F-49A1-B50D-EDCD5000245E}.Debug|x64.ActiveCfg = Debug|Any CPU
		{5CECFA1A-348F-49A1-B50D-EDCD5000245E}.Debug|x64.Build.0 = Debug|Any CPU
		{5CECFA1A-348F-49A1-B50D-EDCD5000245E}.Debug|x86.ActiveCfg = Debug|Any CPU
		{5CECFA1A-348F-49A1-B50D-EDCD5000245E}.Debug|x86.Build.0 = Debug|Any CPU
		{5CECFA1A-348F-49A1-B50D-EDCD5000245E}.Release|Any CPU.ActiveCfg = Release|Any CPU
		{5CECFA1A-348F-49A1-B50D-EDCD5000245E}.Release|Any CPU.Build.0 = Release|Any CPU
		{5CECFA1A-348F-49A1-B50D-EDCD5000245E}.Release|x64.ActiveCfg = Release|Any CPU
		{5CECFA1A-348F-49A1-B50D-EDCD5000245E}.Release|x64.Build.0 = Release|Any CPU
		{5CECFA1A-348F-49A1-B50D-EDCD5000245E}.Release|x86.ActiveCfg = Release|Any CPU
		{5CECFA1A-348F-49A1-B50D-EDCD5000245E}.Release|x86.Build.0 = Release|Any CPU
		{1CF9214A-A57C-43CC-81DD-C50EC265B170}.Debug|Any CPU.ActiveCfg = Debug|Any CPU
		{1CF9214A-A57C-43CC-81DD-C50EC265B170}.Debug|Any CPU.Build.0 = Debug|Any CPU
		{1CF9214A-A57C-43CC-81DD-C50EC265B170}.Debug|x64.ActiveCfg = Debug|Any CPU
		{1CF9214A-A57C-43CC-81DD-C50EC265B170}.Debug|x64.Build.0 = Debug|Any CPU
		{1CF9214A-A57C-43CC-81DD-C50EC265B170}.Debug|x86.ActiveCfg = Debug|Any CPU
		{1CF9214A-A57C-43CC-81DD-C50EC265B170}.Debug|x86.Build.0 = Debug|Any CPU
		{1CF9214A-A57C-43CC-81DD-C50EC265B170}.Release|Any CPU.ActiveCfg = Release|Any CPU
		{1CF9214A-A57C-43CC-81DD-C50EC265B170}.Release|Any CPU.Build.0 = Release|Any CPU
		{1CF9214A-A57C-43CC-81DD-C50EC265B170}.Release|x64.ActiveCfg = Release|Any CPU
		{1CF9214A-A57C-43CC-81DD-C50EC265B170}.Release|x64.Build.0 = Release|Any CPU
		{1CF9214A-A57C-43CC-81DD-C50EC265B170}.Release|x86.ActiveCfg = Release|Any CPU
		{1CF9214A-A57C-43CC-81DD-C50EC265B170}.Release|x86.Build.0 = Release|Any CPU
		{5707848E-53D1-4485-BD9E-603153C3EBF6}.Debug|Any CPU.ActiveCfg = Debug|Any CPU
		{5707848E-53D1-4485-BD9E-603153C3EBF6}.Debug|Any CPU.Build.0 = Debug|Any CPU
		{5707848E-53D1-4485-BD9E-603153C3EBF6}.Debug|x64.ActiveCfg = Debug|Any CPU
		{5707848E-53D1-4485-BD9E-603153C3EBF6}.Debug|x64.Build.0 = Debug|Any CPU
		{5707848E-53D1-4485-BD9E-603153C3EBF6}.Debug|x86.ActiveCfg = Debug|Any CPU
		{5707848E-53D1-4485-BD9E-603153C3EBF6}.Debug|x86.Build.0 = Debug|Any CPU
		{5707848E-53D1-4485-BD9E-603153C3EBF6}.Release|Any CPU.ActiveCfg = Release|Any CPU
		{5707848E-53D1-4485-BD9E-603153C3EBF6}.Release|Any CPU.Build.0 = Release|Any CPU
		{5707848E-53D1-4485-BD9E-603153C3EBF6}.Release|x64.ActiveCfg = Release|Any CPU
		{5707848E-53D1-4485-BD9E-603153C3EBF6}.Release|x64.Build.0 = Release|Any CPU
		{5707848E-53D1-4485-BD9E-603153C3EBF6}.Release|x86.ActiveCfg = Release|Any CPU
		{5707848E-53D1-4485-BD9E-603153C3EBF6}.Release|x86.Build.0 = Release|Any CPU
		{0570A7D1-7FBD-41F4-9615-773677F6C813}.Debug|Any CPU.ActiveCfg = Debug|Any CPU
		{0570A7D1-7FBD-41F4-9615-773677F6C813}.Debug|Any CPU.Build.0 = Debug|Any CPU
		{0570A7D1-7FBD-41F4-9615-773677F6C813}.Debug|x64.ActiveCfg = Debug|Any CPU
		{0570A7D1-7FBD-41F4-9615-773677F6C813}.Debug|x64.Build.0 = Debug|Any CPU
		{0570A7D1-7FBD-41F4-9615-773677F6C813}.Debug|x86.ActiveCfg = Debug|Any CPU
		{0570A7D1-7FBD-41F4-9615-773677F6C813}.Debug|x86.Build.0 = Debug|Any CPU
		{0570A7D1-7FBD-41F4-9615-773677F6C813}.Release|Any CPU.ActiveCfg = Release|Any CPU
		{0570A7D1-7FBD-41F4-9615-773677F6C813}.Release|Any CPU.Build.0 = Release|Any CPU
		{0570A7D1-7FBD-41F4-9615-773677F6C813}.Release|x64.ActiveCfg = Release|Any CPU
		{0570A7D1-7FBD-41F4-9615-773677F6C813}.Release|x64.Build.0 = Release|Any CPU
		{0570A7D1-7FBD-41F4-9615-773677F6C813}.Release|x86.ActiveCfg = Release|Any CPU
		{0570A7D1-7FBD-41F4-9615-773677F6C813}.Release|x86.Build.0 = Release|Any CPU
	EndGlobalSection
	GlobalSection(SolutionProperties) = preSolution
		HideSolutionNode = FALSE
	EndGlobalSection
	GlobalSection(ExtensibilityGlobals) = postSolution
		SolutionGuid = {6C40EBE2-3B65-414D-B912-E0E4D260775A}
	EndGlobalSection
EndGlobal
